{
    "_readme": [
        "This file locks the dependencies of your project to a known state",
        "Read more about it at https://getcomposer.org/doc/01-basic-usage.md#composer-lock-the-lock-file",
        "This file is @generated automatically"
    ],
    "hash": "07f8874ac8fef35b90d6985d430c8d57",
    "content-hash": "7598807753bab950f3614f8502b20d6c",
    "packages": [
        {
            "name": "aura/sql",
            "version": "2.5.0",
            "source": {
                "type": "git",
                "url": "https://github.com/auraphp/Aura.Sql.git",
                "reference": "842ea73ed132dcee8c0a3a896aae57c01568782f"
            },
            "dist": {
                "type": "zip",
                "url": "https://api.github.com/repos/auraphp/Aura.Sql/zipball/842ea73ed132dcee8c0a3a896aae57c01568782f",
                "reference": "842ea73ed132dcee8c0a3a896aae57c01568782f",
                "shasum": ""
            },
            "require": {
                "php": ">=5.3.0"
            },
            "type": "library",
            "extra": {
                "aura": {
                    "type": "library"
                }
            },
            "autoload": {
                "psr-4": {
                    "Aura\\Sql\\": "src/"
                }
            },
            "notification-url": "https://packagist.org/downloads/",
            "license": [
                "BSD-2-Clause"
            ],
            "authors": [
                {
                    "name": "Aura.Sql Contributors",
                    "homepage": "https://github.com/auraphp/Aura.Sql/contributors"
                }
            ],
            "description": "A PDO extension that provides lazy connections, array quoting, identifier quoting, query profiling, value binding, and convenience methods for common fetch styles. Because it extends PDO, existing code that uses PDO can use this without any changes to the existing code.",
            "homepage": "https://github.com/auraphp/Aura.Sql",
            "keywords": [
                "mysql",
                "pdo",
                "pgsql",
                "postgres",
                "postgresql",
                "sql server",
                "sqlite",
                "sqlserver",
                "sqlsrv"
            ],
            "time": "2016-05-01 14:56:48"
        }
    ],
    "packages-dev": [],
    "aliases": [],
    "minimum-stability": "stable",
    "stability-flags": [],
    "prefer-stable": false,
    "prefer-lowest": false,
    "platform": [],
    "platform-dev": []
}
